{"1.1.0",
[{<<"base16">>,{pkg,<<"base16">>,<<"1.0.0">>},2},
 {<<"datum">>,{pkg,<<"datum">>,<<"4.5.0">>},1},
 {<<"eini">>,{pkg,<<"eini">>,<<"1.2.4">>},2},
 {<<"erlcloud">>,
  {git,"https://github.com/fogfish/erlcloud",
       {ref,"69c00beac4144b9ae699c20d84de87cf6ce87a60"}},
  1},
 {<<"feta">>,
  {git,"https://github.com/fogfish/feta",
       {ref,"c5d251b3f995b96afd5e8ec7da61516842aa658c"}},
  2},
 {<<"htcodec">>,
  {git,"https://github.com/kfsm/htcodec",
       {ref,"2c9293e659fc1b000038862201b3dbd90ae6e308"}},
  2},
 {<<"htstream">>,
  {git,"https://github.com/kfsm/htstream",
       {ref,"3a393c3595232bf9cfe4d7ae0a4e09acadb1deda"}},
  2},
 {<<"jsx">>,{pkg,<<"jsx">>,<<"2.9.0">>},1},
 {<<"knet">>,
  {git,"https://github.com/kfsm/knet",
       {ref,"492d0fe43dc6f1bfae6718aa9ba5536f0e7bcb29"}},
  1},
 {<<"lhttpc">>,{pkg,<<"lhttpc">>,<<"1.5.4">>},2},
 {<<"meck">>,{pkg,<<"meck">>,<<"0.8.12">>},1},
 {<<"pipe">>,{pkg,<<"pipes">>,<<"2.0.1">>},1},
 {<<"serverless">>,
  {git,"https://github.com/fogfish/serverless",
       {ref,"a6cd48e64c383fa5c55d990c451ac65d2e1ed43e"}},
  0}]}.
[
{pkg_hash,[
 {<<"base16">>, <<"283644E2B21BD5915ACB7178BED7851FB07C6E5749B8FAD68A53C501092176D9">>},
 {<<"datum">>, <<"0F7F064A509632C70448F9BC7E7295BD5F9CD6E3207863B176416EF14FD19E0C">>},
 {<<"eini">>, <<"ABD64A0533398A6D714D21219BB85F2D41FDB42665AC4080939B7BFA8E55F386">>},
 {<<"jsx">>, <<"D2F6E5F069C00266CAD52FB15D87C428579EA4D7D73A33669E12679E203329DD">>},
 {<<"lhttpc">>, <<"405E4F460D67FE8F43F0E6D64E4D168F8A5CFF3AD34D78114688753DAA80FBEB">>},
 {<<"meck">>, <<"1F7B1A9F5D12C511848FEC26BBEFD09A21E1432EADB8982D9A8ACEB9891A3CF2">>},
 {<<"pipe">>, <<"A2B56796C63690ED0E78BB77BB389AF250BD70AFA15A6869369DBDC11087D68F">>}]}
].
