{"1.1.0",
[{<<"base16">>,{pkg,<<"base16">>,<<"1.0.0">>},1},
 {<<"datum">>,{pkg,<<"datum">>,<<"4.5.0">>},1},
 {<<"eini">>,{pkg,<<"eini">>,<<"1.2.5">>},1},
 {<<"erlcloud">>,{pkg,<<"erlcloud">>,<<"3.1.13">>},0},
 {<<"feta">>,
  {git,"https://github.com/fogfish/feta",
       {ref,"c5d251b3f995b96afd5e8ec7da61516842aa658c"}},
  2},
 {<<"htcodec">>,
  {git,"https://github.com/kfsm/htcodec",
       {ref,"2c9293e659fc1b000038862201b3dbd90ae6e308"}},
  2},
 {<<"htstream">>,
  {git,"https://github.com/kfsm/htstream",
       {ref,"3a393c3595232bf9cfe4d7ae0a4e09acadb1deda"}},
  2},
 {<<"jsx">>,{pkg,<<"jsx">>,<<"2.8.0">>},1},
 {<<"knet">>,
  {git,"https://github.com/kfsm/knet",
       {ref,"492d0fe43dc6f1bfae6718aa9ba5536f0e7bcb29"}},
  1},
 {<<"lhttpc">>,{pkg,<<"lhttpc">>,<<"1.5.5">>},1},
 {<<"meck">>,{pkg,<<"meck">>,<<"0.8.12">>},1},
 {<<"pipe">>,{pkg,<<"pipes">>,<<"2.0.1">>},1},
 {<<"serverless">>,
  {git,"https://github.com/fogfish/serverless",
       {ref,"b33768e6aaba1ad99a289b6940d098c04b512c24"}},
  0}]}.
[
{pkg_hash,[
 {<<"base16">>, <<"283644E2B21BD5915ACB7178BED7851FB07C6E5749B8FAD68A53C501092176D9">>},
 {<<"datum">>, <<"0F7F064A509632C70448F9BC7E7295BD5F9CD6E3207863B176416EF14FD19E0C">>},
 {<<"eini">>, <<"98E4988474FAAF821E3511579090AF989096ADBDB5F7BFAA03AA0A9AC80296B2">>},
 {<<"erlcloud">>, <<"59D5427239FD2D4148D51469C172E73EBFAA84EAFB5E6B1C90C3B97FA81DD6FD">>},
 {<<"jsx">>, <<"749BEC6D205C694AE1786D62CEA6CC45A390437E24835FD16D12D74F07097727">>},
 {<<"lhttpc">>, <<"CAE8E318063B4A431385BB3483D9C17116B264BE87442308450B3E879F9BD3CF">>},
 {<<"meck">>, <<"1F7B1A9F5D12C511848FEC26BBEFD09A21E1432EADB8982D9A8ACEB9891A3CF2">>},
 {<<"pipe">>, <<"A2B56796C63690ED0E78BB77BB389AF250BD70AFA15A6869369DBDC11087D68F">>}]}
].
